
Microsoft Visual Studio Solution File, Format Version 12.00
# Visual Studio Version 17
VisualStudioVersion = 17.9.34728.123
MinimumVisualStudioVersion = 10.0.40219.1
Project("{FAE04EC0-301F-11D3-BF4B-00C04F79EFBC}") = "Ex2_Heranca_Polimorfismo", "Ex2_Heranca_Polimorfismo\Ex2_Heranca_Polimorfismo.csproj", "{C35923F4-43BD-4635-A100-3E82CE58702A}"
EndProject
Global
	GlobalSection(SolutionConfigurationPlatforms) = preSolution
		Debug|Any CPU = Debug|Any CPU
		Release|Any CPU = Release|Any CPU
	EndGlobalSection
	GlobalSection(ProjectConfigurationPlatforms) = postSolution
		{C35923F4-43BD-4635-A100-3E82CE58702A}.Debug|Any CPU.ActiveCfg = Debug|Any CPU
		{C35923F4-43BD-4635-A100-3E82CE58702A}.Debug|Any CPU.Build.0 = Debug|Any CPU
		{C35923F4-43BD-4635-A100-3E82CE58702A}.Release|Any CPU.ActiveCfg = Release|Any CPU
		{C35923F4-43BD-4635-A100-3E82CE58702A}.Release|Any CPU.Build.0 = Release|Any CPU
	EndGlobalSection
	GlobalSection(SolutionProperties) = preSolution
		HideSolutionNode = FALSE
	EndGlobalSection
	GlobalSection(ExtensibilityGlobals) = postSolution
		SolutionGuid = {BDBC10B2-F1B5-4805-94FB-3263845857A1}
	EndGlobalSection
EndGlobal
